// !$*UTF8*$!
{
	archiveVersion = 1;
	classes = {
	};
	objectVersion = 46;
	objects = {

/* Begin PBXBuildFile section */
		7D12DA3017BE241700170B93 /* slice.vert in Resources */ = {isa = PBXBuildFile; fileRef = 7D12DA2E17BE238700170B93 /* slice.vert */; };
		7D12DA3117BE241900170B93 /* slice.frag in Resources */ = {isa = PBXBuildFile; fileRef = 7D12DA2F17BE23A800170B93 /* slice.frag */; };
		7D1F313F178F02F300C6703C /* gg.cpp in Sources */ = {isa = PBXBuildFile; fileRef = 7D1F313D178F02F300C6703C /* gg.cpp */; };
		7D1F3141178F030700C6703C /* main.cpp in Sources */ = {isa = PBXBuildFile; fileRef = 7D1F3140178F030700C6703C /* main.cpp */; };
		7D1F314F178F031B00C6703C /* Noise1.cpp in Sources */ = {isa = PBXBuildFile; fileRef = 7D1F3149178F031B00C6703C /* Noise1.cpp */; };
		7D1F3150178F031B00C6703C /* Noise2.cpp in Sources */ = {isa = PBXBuildFile; fileRef = 7D1F314B178F031B00C6703C /* Noise2.cpp */; };
		7D1F3151178F031B00C6703C /* Noise3.cpp in Sources */ = {isa = PBXBuildFile; fileRef = 7D1F314D178F031B00C6703C /* Noise3.cpp */; };
		7D7AF85F1222C8CC003A0434 /* opengl.icns in Resources */ = {isa = PBXBuildFile; fileRef = 7D7AF85E1222C8CC003A0434 /* opengl.icns */; };
/* End PBXBuildFile section */

/* Begin PBXFileReference section */
		7D12DA2E17BE238700170B93 /* slice.vert */ = {isa = PBXFileReference; lastKnownFileType = sourcecode.glsl; path = slice.vert; sourceTree = "<group>"; };
		7D12DA2F17BE23A800170B93 /* slice.frag */ = {isa = PBXFileReference; lastKnownFileType = sourcecode.glsl; path = slice.frag; sourceTree = "<group>"; };
		7D1E90EE1123E36C005E6C75 /* 3dsample.app */ = {isa = PBXFileReference; explicitFileType = wrapper.application; includeInIndex = 0; path = 3dsample.app; sourceTree = BUILT_PRODUCTS_DIR; };
		7D1E90F11123E36C005E6C75 /* Info.plist */ = {isa = PBXFileReference; lastKnownFileType = text.plist.xml; path = Info.plist; sourceTree = "<group>"; };
		7D1F313D178F02F300C6703C /* gg.cpp */ = {isa = PBXFileReference; fileEncoding = 8; lastKnownFileType = sourcecode.cpp.cpp; path = gg.cpp; sourceTree = "<group>"; };
		7D1F313E178F02F300C6703C /* gg.h */ = {isa = PBXFileReference; fileEncoding = 8; lastKnownFileType = sourcecode.c.h; path = gg.h; sourceTree = "<group>"; };
		7D1F3140178F030700C6703C /* main.cpp */ = {isa = PBXFileReference; fileEncoding = 8; lastKnownFileType = sourcecode.cpp.cpp; path = main.cpp; sourceTree = "<group>"; };
		7D1F3149178F031B00C6703C /* Noise1.cpp */ = {isa = PBXFileReference; fileEncoding = 8; lastKnownFileType = sourcecode.cpp.cpp; path = Noise1.cpp; sourceTree = "<group>"; };
		7D1F314A178F031B00C6703C /* Noise1.h */ = {isa = PBXFileReference; fileEncoding = 8; lastKnownFileType = sourcecode.c.h; path = Noise1.h; sourceTree = "<group>"; };
		7D1F314B178F031B00C6703C /* Noise2.cpp */ = {isa = PBXFileReference; fileEncoding = 8; lastKnownFileType = sourcecode.cpp.cpp; path = Noise2.cpp; sourceTree = "<group>"; };
		7D1F314C178F031B00C6703C /* Noise2.h */ = {isa = PBXFileReference; fileEncoding = 8; lastKnownFileType = sourcecode.c.h; path = Noise2.h; sourceTree = "<group>"; };
		7D1F314D178F031B00C6703C /* Noise3.cpp */ = {isa = PBXFileReference; fileEncoding = 8; lastKnownFileType = sourcecode.cpp.cpp; path = Noise3.cpp; sourceTree = "<group>"; };
		7D1F314E178F031B00C6703C /* Noise3.h */ = {isa = PBXFileReference; fileEncoding = 8; lastKnownFileType = sourcecode.c.h; path = Noise3.h; sourceTree = "<group>"; };
		7D7AF85E1222C8CC003A0434 /* opengl.icns */ = {isa = PBXFileReference; lastKnownFileType = image.icns; path = opengl.icns; sourceTree = "<group>"; };
/* End PBXFileReference section */

/* Begin PBXFrameworksBuildPhase section */
		7D1E90EC1123E36C005E6C75 /* Frameworks */ = {
			isa = PBXFrameworksBuildPhase;
			buildActionMask = 2147483647;
			files = (
			);
			runOnlyForDeploymentPostprocessing = 0;
		};
/* End PBXFrameworksBuildPhase section */

/* Begin PBXGroup section */
		7D1E90D81123E2F7005E6C75 = {
			isa = PBXGroup;
			children = (
				7D1F3140178F030700C6703C /* main.cpp */,
				7D1F313E178F02F300C6703C /* gg.h */,
				7D1F313D178F02F300C6703C /* gg.cpp */,
				7D1F314A178F031B00C6703C /* Noise1.h */,
				7D1F3149178F031B00C6703C /* Noise1.cpp */,
				7D1F314C178F031B00C6703C /* Noise2.h */,
				7D1F314B178F031B00C6703C /* Noise2.cpp */,
				7D1F314E178F031B00C6703C /* Noise3.h */,
				7D1F314D178F031B00C6703C /* Noise3.cpp */,
				7D12DA2E17BE238700170B93 /* slice.vert */,
				7D12DA2F17BE23A800170B93 /* slice.frag */,
				7D1E90EF1123E36C005E6C75 /* Products */,
				7D1E90F11123E36C005E6C75 /* Info.plist */,
				7D7AF85E1222C8CC003A0434 /* opengl.icns */,
			);
			sourceTree = "<group>";
		};
		7D1E90EF1123E36C005E6C75 /* Products */ = {
			isa = PBXGroup;
			children = (
				7D1E90EE1123E36C005E6C75 /* 3dsample.app */,
			);
			name = Products;
			sourceTree = "<group>";
		};
/* End PBXGroup section */

/* Begin PBXNativeTarget section */
		7D1E90ED1123E36C005E6C75 /* 3dsample */ = {
			isa = PBXNativeTarget;
			buildConfigurationList = 7D1E90F41123E36D005E6C75 /* Build configuration list for PBXNativeTarget "3dsample" */;
			buildPhases = (
				7D1E90EA1123E36C005E6C75 /* Resources */,
				7D1E90EB1123E36C005E6C75 /* Sources */,
				7D1E90EC1123E36C005E6C75 /* Frameworks */,
			);
			buildRules = (
			);
			dependencies = (
			);
			name = 3dsample;
			productName = 3dsample;
			productReference = 7D1E90EE1123E36C005E6C75 /* 3dsample.app */;
			productType = "com.apple.product-type.application";
		};
/* End PBXNativeTarget section */

/* Begin PBXProject section */
		7D1E90DA1123E2F7005E6C75 /* Project object */ = {
			isa = PBXProject;
			attributes = {
				LastUpgradeCheck = 0460;
			};
			buildConfigurationList = 7D1E90DD1123E2F7005E6C75 /* Build configuration list for PBXProject "3dsample" */;
			compatibilityVersion = "Xcode 3.2";
			developmentRegion = English;
			hasScannedForEncodings = 0;
			knownRegions = (
				English,
				Japanese,
				French,
				German,
			);
			mainGroup = 7D1E90D81123E2F7005E6C75;
			productRefGroup = 7D1E90EF1123E36C005E6C75 /* Products */;
			projectDirPath = "";
			projectRoot = "";
			targets = (
				7D1E90ED1123E36C005E6C75 /* 3dsample */,
			);
		};
/* End PBXProject section */

/* Begin PBXResourcesBuildPhase section */
		7D1E90EA1123E36C005E6C75 /* Resources */ = {
			isa = PBXResourcesBuildPhase;
			buildActionMask = 2147483647;
			files = (
				7D7AF85F1222C8CC003A0434 /* opengl.icns in Resources */,
				7D12DA3017BE241700170B93 /* slice.vert in Resources */,
				7D12DA3117BE241900170B93 /* slice.frag in Resources */,
			);
			runOnlyForDeploymentPostprocessing = 0;
		};
/* End PBXResourcesBuildPhase section */

/* Begin PBXSourcesBuildPhase section */
		7D1E90EB1123E36C005E6C75 /* Sources */ = {
			isa = PBXSourcesBuildPhase;
			buildActionMask = 2147483647;
			files = (
				7D1F313F178F02F300C6703C /* gg.cpp in Sources */,
				7D1F3141178F030700C6703C /* main.cpp in Sources */,
				7D1F314F178F031B00C6703C /* Noise1.cpp in Sources */,
				7D1F3150178F031B00C6703C /* Noise2.cpp in Sources */,
				7D1F3151178F031B00C6703C /* Noise3.cpp in Sources */,
			);
			runOnlyForDeploymentPostprocessing = 0;
		};
/* End PBXSourcesBuildPhase section */

/* Begin XCBuildConfiguration section */
		7D1E90DB1123E2F7005E6C75 /* Debug */ = {
			isa = XCBuildConfiguration;
			buildSettings = {
				COPY_PHASE_STRIP = NO;
			};
			name = Debug;
		};
		7D1E90DC1123E2F7005E6C75 /* Release */ = {
			isa = XCBuildConfiguration;
			buildSettings = {
				COPY_PHASE_STRIP = YES;
			};
			name = Release;
		};
		7D1E90F21123E36D005E6C75 /* Debug */ = {
			isa = XCBuildConfiguration;
			buildSettings = {
				ALWAYS_SEARCH_USER_PATHS = NO;
				ARCHS = "$(NATIVE_ARCH_ACTUAL)";
				COMBINE_HIDPI_IMAGES = YES;
				COPY_PHASE_STRIP = NO;
				GCC_DYNAMIC_NO_PIC = NO;
				GCC_MODEL_TUNING = G5;
				GCC_OPTIMIZATION_LEVEL = 0;
				GCC_PRECOMPILE_PREFIX_HEADER = YES;
				GCC_PREFIX_HEADER = "";
				INFOPLIST_FILE = Info.plist;
				INSTALL_PATH = "$(HOME)/Applications";
				OTHER_LDFLAGS = (
					libglfw_macos.a,
					"-framework",
					Cocoa,
					"-framework",
					IOKit,
					"-framework",
					OpenGL,
				);
				PRODUCT_NAME = 3dsample;
			};
			name = Debug;
		};
		7D1E90F31123E36D005E6C75 /* Release */ = {
			isa = XCBuildConfiguration;
			buildSettings = {
				ALWAYS_SEARCH_USER_PATHS = NO;
				ARCHS = "$(NATIVE_ARCH_ACTUAL)";
				COMBINE_HIDPI_IMAGES = YES;
				COPY_PHASE_STRIP = YES;
				DEBUG_INFORMATION_FORMAT = "dwarf-with-dsym";
				GCC_MODEL_TUNING = G5;
				GCC_PRECOMPILE_PREFIX_HEADER = YES;
				GCC_PREFIX_HEADER = "";
				INFOPLIST_FILE = Info.plist;
				INSTALL_PATH = "$(HOME)/Applications";
				OTHER_LDFLAGS = (
					libglfw_macos.a,
					"-framework",
					Cocoa,
					"-framework",
					IOKit,
					"-framework",
					OpenGL,
				);
				PRODUCT_NAME = 3dsample;
				ZERO_LINK = NO;
			};
			name = Release;
		};
/* End XCBuildConfiguration section */

/* Begin XCConfigurationList section */
		7D1E90DD1123E2F7005E6C75 /* Build configuration list for PBXProject "3dsample" */ = {
			isa = XCConfigurationList;
			buildConfigurations = (
				7D1E90DB1123E2F7005E6C75 /* Debug */,
				7D1E90DC1123E2F7005E6C75 /* Release */,
			);
			defaultConfigurationIsVisible = 0;
			defaultConfigurationName = Release;
		};
		7D1E90F41123E36D005E6C75 /* Build configuration list for PBXNativeTarget "3dsample" */ = {
			isa = XCConfigurationList;
			buildConfigurations = (
				7D1E90F21123E36D005E6C75 /* Debug */,
				7D1E90F31123E36D005E6C75 /* Release */,
			);
			defaultConfigurationIsVisible = 0;
			defaultConfigurationName = Release;
		};
/* End XCConfigurationList section */
	};
	rootObject = 7D1E90DA1123E2F7005E6C75 /* Project object */;
}
